
Microsoft Visual Studio Solution File, Format Version 12.00
# Visual Studio Version 17
VisualStudioVersion = 17.6.33829.357
MinimumVisualStudioVersion = 10.0.40219.1
Project("{FAE04EC0-301F-11D3-BF4B-00C04F79EFBC}") = "PULSR_3", "PULSR_3.csproj", "{24220C74-3409-43A1-9808-A380334E3DCF}"
EndProject
Global
	GlobalSection(SolutionConfigurationPlatforms) = preSolution
		Debug|Any CPU = Debug|Any CPU
		Release|Any CPU = Release|Any CPU
	EndGlobalSection
	GlobalSection(ProjectConfigurationPlatforms) = postSolution
		{24220C74-3409-43A1-9808-A380334E3DCF}.Debug|Any CPU.ActiveCfg = Debug|Any CPU
		{24220C74-3409-43A1-9808-A380334E3DCF}.Debug|Any CPU.Build.0 = Debug|Any CPU
		{24220C74-3409-43A1-9808-A380334E3DCF}.Release|Any CPU.ActiveCfg = Release|Any CPU
		{24220C74-3409-43A1-9808-A380334E3DCF}.Release|Any CPU.Build.0 = Release|Any CPU
	EndGlobalSection
	GlobalSection(SolutionProperties) = preSolution
		HideSolutionNode = FALSE
	EndGlobalSection
	GlobalSection(ExtensibilityGlobals) = postSolution
		SolutionGuid = {CA911529-9263-454B-A636-D18B4E0E5028}
	EndGlobalSection
EndGlobal
